<Solution>
  <Folder Name="/src/">
    <Project Path="src/Payment.Core.P24/Payment.Core.P24.csproj" />
    <Project Path="src/Payment.Models/Payment.Models.csproj" />
  </Folder>
  <Folder Name="/testapp/">
    <Project Path="testapp/PaymentsLibrary.TestApp.csproj" />
  </Folder>
  <Folder Name="/tests/">
    <Project Path="tests/PaymentsLibrary.Tests.csproj" />
  </Folder>
</Solution>
