<Solution>
  <Folder Name="/src/">
    <Project Path="Payment.Models/Payment.Models.csproj" Id="e2940533-eeb9-447c-805a-59a659ed3521" />
    <Project Path="src/PaymentsLibrary.csproj" />
  </Folder>
  <Folder Name="/testapp/">
    <Project Path="testapp/PaymentsLibrary.TestApp.csproj" />
  </Folder>
  <Folder Name="/tests/">
    <Project Path="tests/PaymentsLibrary.Tests.csproj" />
  </Folder>
</Solution>
